{
    "_readme": [
        "This file locks the dependencies of your project to a known state",
        "Read more about it at https://getcomposer.org/doc/01-basic-usage.md#installing-dependencies",
        "This file is @generated automatically"
    ],
    "content-hash": "25cca29234f088a64d8011af452d58be",
    "packages": [
        {
            "name": "jean85/pretty-package-versions",
            "version": "2.1.1",
            "source": {
                "type": "git",
                "url": "https://github.com/Jean85/pretty-package-versions.git",
                "reference": "4d7aa5dab42e2a76d99559706022885de0e18e1a"
            },
            "dist": {
                "type": "zip",
                "url": "https://api.github.com/repos/Jean85/pretty-package-versions/zipball/4d7aa5dab42e2a76d99559706022885de0e18e1a",
                "reference": "4d7aa5dab42e2a76d99559706022885de0e18e1a",
                "shasum": ""
            },
            "require": {
                "composer-runtime-api": "^2.1.0",
                "php": "^7.4|^8.0"
            },
            "require-dev": {
                "friendsofphp/php-cs-fixer": "^3.2",
                "jean85/composer-provided-replaced-stub-package": "^1.0",
                "phpstan/phpstan": "^2.0",
                "phpunit/phpunit": "^7.5|^8.5|^9.6",
                "rector/rector": "^2.0",
                "vimeo/psalm": "^4.3 || ^5.0"
            },
            "type": "library",
            "extra": {
                "branch-alias": {
                    "dev-master": "1.x-dev"
                }
            },
            "autoload": {
                "psr-4": {
                    "Jean85\\": "src/"
                }
            },
            "notification-url": "https://packagist.org/downloads/",
            "license": [
                "MIT"
            ],
            "authors": [
                {
                    "name": "Alessandro Lai",
                    "email": "alessandro.lai85@gmail.com"
                }
            ],
            "description": "A library to get pretty versions strings of installed dependencies",
            "keywords": [
                "composer",
                "package",
                "release",
                "versions"
            ],
            "support": {
                "issues": "https://github.com/Jean85/pretty-package-versions/issues",
                "source": "https://github.com/Jean85/pretty-package-versions/tree/2.1.1"
            },
            "time": "2025-03-19T14:43:43+00:00"
        },
        {
            "name": "psr/log",
            "version": "3.0.2",
            "source": {
                "type": "git",
                "url": "https://github.com/php-fig/log.git",
                "reference": "f16e1d5863e37f8d8c2a01719f5b34baa2b714d3"
            },
            "dist": {
                "type": "zip",
                "url": "https://api.github.com/repos/php-fig/log/zipball/f16e1d5863e37f8d8c2a01719f5b34baa2b714d3",
                "reference": "f16e1d5863e37f8d8c2a01719f5b34baa2b714d3",
                "shasum": ""
            },
            "require": {
                "php": ">=8.0.0"
            },
            "type": "library",
            "extra": {
                "branch-alias": {
                    "dev-master": "3.x-dev"
                }
            },
            "autoload": {
                "psr-4": {
                    "Psr\\Log\\": "src"
                }
            },
            "notification-url": "https://packagist.org/downloads/",
            "license": [
                "MIT"
            ],
            "authors": [
                {
                    "name": "PHP-FIG",
                    "homepage": "https://www.php-fig.org/"
                }
            ],
            "description": "Common interface for logging libraries",
            "homepage": "https://github.com/php-fig/log",
            "keywords": [
                "log",
                "psr",
                "psr-3"
            ],
            "support": {
                "source": "https://github.com/php-fig/log/tree/3.0.2"
            },
            "time": "2024-09-11T13:17:53+00:00"
        },
        {
            "name": "rhymix/composer-stub",
            "version": "dev-master",
            "source": {
                "type": "git",
                "url": "https://github.com/rhymix/composer-stub.git",
                "reference": "c7d4fcec98e99d9e5213c5fc96d35d406e6d0848"
            },
            "dist": {
                "type": "zip",
                "url": "https://api.github.com/repos/rhymix/composer-stub/zipball/c7d4fcec98e99d9e5213c5fc96d35d406e6d0848",
                "reference": "c7d4fcec98e99d9e5213c5fc96d35d406e6d0848",
                "shasum": ""
            },
            "replace": {
                "bordoni/phpass": "0.3.6",
                "composer/ca-bundle": "*",
                "coolsms/php-sdk": "2.*",
                "doctrine/lexer": "1.*",
                "egulias/email-validator": "3.2.*",
                "enshrined/svg-sanitize": "0.*",
                "ezyang/htmlpurifier": "4.18.*",
                "firebase/php-jwt": "6.4.0",
                "google/auth": "1.26.*",
                "guzzlehttp/guzzle": "7.9.*",
                "guzzlehttp/psr7": "2.7.*",
                "jbbcode/jbbcode": "1.4.*",
                "leafo/lessphp": "dev-master",
                "league/html-to-markdown": "5.1.*",
                "matthiasmullie/minify": "1.3.*",
                "matthiasmullie/path-converter": "1.1.*",
                "michelf/php-markdown": "1.9.*",
                "michelf/php-smartypants": "1.8.*",
                "psr/cache": "1.0.1",
                "rmccue/requests": "1.8.*",
                "scssphp/scssphp": "1.13.*",
                "swiftmailer/swiftmailer": "6.3.0",
                "symfony/deprecation-contracts": "2.5.*",
                "true/punycode": "2.*"
            },
            "default-branch": true,
            "type": "library",
            "notification-url": "https://packagist.org/downloads/",
            "license": [
                "GPL-2.0-or-later"
            ],
            "authors": [
                {
                    "name": "Rhymix Developers and Contributors",
                    "email": "devops@rhymix.org"
                }
            ],
            "description": "Composer Stub for Rhymix Third-Party Programs",
            "homepage": "https://www.rhymix.org",
            "support": {
                "issues": "https://github.com/rhymix/composer-stub/issues",
                "source": "https://github.com/rhymix/composer-stub/tree/master"
            },
            "time": "2025-03-05T11:39:41+00:00"
        },
        {
            "name": "sentry/sdk",
            "version": "4.0.0",
            "source": {
                "type": "git",
                "url": "https://github.com/getsentry/sentry-php-sdk.git",
                "reference": "fcbca864e8d1dc712f3ecfaa95ea89d024fb2e53"
            },
            "dist": {
                "type": "zip",
                "url": "https://api.github.com/repos/getsentry/sentry-php-sdk/zipball/fcbca864e8d1dc712f3ecfaa95ea89d024fb2e53",
                "reference": "fcbca864e8d1dc712f3ecfaa95ea89d024fb2e53",
                "shasum": ""
            },
            "require": {
                "sentry/sentry": "^4.0"
            },
            "type": "metapackage",
            "notification-url": "https://packagist.org/downloads/",
            "license": [
                "MIT"
            ],
            "authors": [
                {
                    "name": "Sentry",
                    "email": "accounts@sentry.io"
                }
            ],
            "description": "This is a meta package of sentry/sentry. We recommend using sentry/sentry directly.",
            "homepage": "http://sentry.io",
            "keywords": [
                "crash-reporting",
                "crash-reports",
                "error-handler",
                "error-monitoring",
                "log",
                "logging",
                "sentry"
            ],
            "support": {
                "issues": "https://github.com/getsentry/sentry-php-sdk/issues",
                "source": "https://github.com/getsentry/sentry-php-sdk/tree/4.0.0"
            },
            "funding": [
                {
                    "url": "https://sentry.io/",
                    "type": "custom"
                },
                {
                    "url": "https://sentry.io/pricing/",
                    "type": "custom"
                }
            ],
            "time": "2023-11-06T10:23:19+00:00"
        },
        {
            "name": "sentry/sentry",
            "version": "4.10.0",
            "source": {
                "type": "git",
                "url": "https://github.com/getsentry/sentry-php.git",
                "reference": "2af937d47d8aadb8dab0b1d7b9557e495dd12856"
            },
            "dist": {
                "type": "zip",
                "url": "https://api.github.com/repos/getsentry/sentry-php/zipball/2af937d47d8aadb8dab0b1d7b9557e495dd12856",
                "reference": "2af937d47d8aadb8dab0b1d7b9557e495dd12856",
                "shasum": ""
            },
            "require": {
                "ext-curl": "*",
                "ext-json": "*",
                "ext-mbstring": "*",
                "guzzlehttp/psr7": "^1.8.4|^2.1.1",
                "jean85/pretty-package-versions": "^1.5|^2.0.4",
                "php": "^7.2|^8.0",
                "psr/log": "^1.0|^2.0|^3.0",
                "symfony/options-resolver": "^4.4.30|^5.0.11|^6.0|^7.0"
            },
            "conflict": {
                "raven/raven": "*"
            },
            "require-dev": {
                "friendsofphp/php-cs-fixer": "^3.4",
                "guzzlehttp/promises": "^2.0.3",
                "guzzlehttp/psr7": "^1.8.4|^2.1.1",
                "monolog/monolog": "^1.6|^2.0|^3.0",
                "phpbench/phpbench": "^1.0",
                "phpstan/phpstan": "^1.3",
                "phpunit/phpunit": "^8.5|^9.6",
                "symfony/phpunit-bridge": "^5.2|^6.0|^7.0",
                "vimeo/psalm": "^4.17"
            },
            "suggest": {
                "monolog/monolog": "Allow sending log messages to Sentry by using the included Monolog handler."
            },
            "type": "library",
            "autoload": {
                "files": [
                    "src/functions.php"
                ],
                "psr-4": {
                    "Sentry\\": "src/"
                }
            },
            "notification-url": "https://packagist.org/downloads/",
            "license": [
                "MIT"
            ],
            "authors": [
                {
                    "name": "Sentry",
                    "email": "accounts@sentry.io"
                }
            ],
            "description": "PHP SDK for Sentry (http://sentry.io)",
            "homepage": "http://sentry.io",
            "keywords": [
                "crash-reporting",
                "crash-reports",
                "error-handler",
                "error-monitoring",
                "log",
                "logging",
                "profiling",
                "sentry",
                "tracing"
            ],
            "support": {
                "issues": "https://github.com/getsentry/sentry-php/issues",
                "source": "https://github.com/getsentry/sentry-php/tree/4.10.0"
            },
            "funding": [
                {
                    "url": "https://sentry.io/",
                    "type": "custom"
                },
                {
                    "url": "https://sentry.io/pricing/",
                    "type": "custom"
                }
            ],
            "time": "2024-11-06T07:44:19+00:00"
        },
        {
            "name": "symfony/options-resolver",
            "version": "v7.2.0",
            "source": {
                "type": "git",
                "url": "https://github.com/symfony/options-resolver.git",
                "reference": "7da8fbac9dcfef75ffc212235d76b2754ce0cf50"
            },
            "dist": {
                "type": "zip",
                "url": "https://api.github.com/repos/symfony/options-resolver/zipball/7da8fbac9dcfef75ffc212235d76b2754ce0cf50",
                "reference": "7da8fbac9dcfef75ffc212235d76b2754ce0cf50",
                "shasum": ""
            },
            "require": {
                "php": ">=8.2",
                "symfony/deprecation-contracts": "^2.5|^3"
            },
            "type": "library",
            "autoload": {
                "psr-4": {
                    "Symfony\\Component\\OptionsResolver\\": ""
                },
                "exclude-from-classmap": [
                    "/Tests/"
                ]
            },
            "notification-url": "https://packagist.org/downloads/",
            "license": [
                "MIT"
            ],
            "authors": [
                {
                    "name": "Fabien Potencier",
                    "email": "fabien@symfony.com"
                },
                {
                    "name": "Symfony Community",
                    "homepage": "https://symfony.com/contributors"
                }
            ],
            "description": "Provides an improved replacement for the array_replace PHP function",
            "homepage": "https://symfony.com",
            "keywords": [
                "config",
                "configuration",
                "options"
            ],
            "support": {
                "source": "https://github.com/symfony/options-resolver/tree/v7.2.0"
            },
            "funding": [
                {
                    "url": "https://symfony.com/sponsor",
                    "type": "custom"
                },
                {
                    "url": "https://github.com/fabpot",
                    "type": "github"
                },
                {
                    "url": "https://tidelift.com/funding/github/packagist/symfony/symfony",
                    "type": "tidelift"
                }
            ],
            "time": "2024-11-20T11:17:29+00:00"
        }
    ],
    "packages-dev": [],
    "aliases": [],
    "minimum-stability": "stable",
    "stability-flags": {
        "rhymix/composer-stub": 20
    },
    "prefer-stable": false,
    "prefer-lowest": false,
    "platform": {},
    "platform-dev": {},
    "plugin-api-version": "2.6.0"
}
